
Microsoft Visual Studio Solution File, Format Version 12.00
# Visual Studio Version 17
VisualStudioVersion = 17.5.33502.453
MinimumVisualStudioVersion = 10.0.40219.1
Project("{FAE04EC0-301F-11D3-BF4B-00C04F79EFBC}") = "Capa_Presentacion", "SistemaPuntoVenta\Capa_Presentacion.csproj", "{30667182-D299-462A-93E5-D14A01885BB5}"
EndProject
Project("{FAE04EC0-301F-11D3-BF4B-00C04F79EFBC}") = "Capa_Negocio", "Capa_Negocio\Capa_Negocio.csproj", "{1055433D-E3F2-48C4-8821-415281604DE9}"
EndProject
Project("{FAE04EC0-301F-11D3-BF4B-00C04F79EFBC}") = "Capa_Datos", "Capa_Datos\Capa_Datos.csproj", "{C0E60FD1-F1E0-4EB0-A8B8-4C2A62A493A5}"
EndProject
Project("{FAE04EC0-301F-11D3-BF4B-00C04F79EFBC}") = "Capa_Entidad", "Capa_Entidad\Capa_Entidad.csproj", "{A209586E-3331-4FA5-906E-37BD7BBE43A7}"
EndProject
Global
	GlobalSection(SolutionConfigurationPlatforms) = preSolution
		Debug|Any CPU = Debug|Any CPU
		Release|Any CPU = Release|Any CPU
	EndGlobalSection
	GlobalSection(ProjectConfigurationPlatforms) = postSolution
		{30667182-D299-462A-93E5-D14A01885BB5}.Debug|Any CPU.ActiveCfg = Debug|Any CPU
		{30667182-D299-462A-93E5-D14A01885BB5}.Debug|Any CPU.Build.0 = Debug|Any CPU
		{30667182-D299-462A-93E5-D14A01885BB5}.Release|Any CPU.ActiveCfg = Release|Any CPU
		{30667182-D299-462A-93E5-D14A01885BB5}.Release|Any CPU.Build.0 = Release|Any CPU
		{1055433D-E3F2-48C4-8821-415281604DE9}.Debug|Any CPU.ActiveCfg = Debug|Any CPU
		{1055433D-E3F2-48C4-8821-415281604DE9}.Debug|Any CPU.Build.0 = Debug|Any CPU
		{1055433D-E3F2-48C4-8821-415281604DE9}.Release|Any CPU.ActiveCfg = Release|Any CPU
		{1055433D-E3F2-48C4-8821-415281604DE9}.Release|Any CPU.Build.0 = Release|Any CPU
		{C0E60FD1-F1E0-4EB0-A8B8-4C2A62A493A5}.Debug|Any CPU.ActiveCfg = Debug|Any CPU
		{C0E60FD1-F1E0-4EB0-A8B8-4C2A62A493A5}.Debug|Any CPU.Build.0 = Debug|Any CPU
		{C0E60FD1-F1E0-4EB0-A8B8-4C2A62A493A5}.Release|Any CPU.ActiveCfg = Release|Any CPU
		{C0E60FD1-F1E0-4EB0-A8B8-4C2A62A493A5}.Release|Any CPU.Build.0 = Release|Any CPU
		{A209586E-3331-4FA5-906E-37BD7BBE43A7}.Debug|Any CPU.ActiveCfg = Debug|Any CPU
		{A209586E-3331-4FA5-906E-37BD7BBE43A7}.Debug|Any CPU.Build.0 = Debug|Any CPU
		{A209586E-3331-4FA5-906E-37BD7BBE43A7}.Release|Any CPU.ActiveCfg = Release|Any CPU
		{A209586E-3331-4FA5-906E-37BD7BBE43A7}.Release|Any CPU.Build.0 = Release|Any CPU
	EndGlobalSection
	GlobalSection(SolutionProperties) = preSolution
		HideSolutionNode = FALSE
	EndGlobalSection
	GlobalSection(ExtensibilityGlobals) = postSolution
		SolutionGuid = {54FF35AE-EE7B-4FCD-A4DC-B0F185616097}
	EndGlobalSection
EndGlobal
